// !$*UTF8*$!
{
	archiveVersion = 1;
	classes = {
	};
	objectVersion = 46;
	objects = {

/* Begin PBXBuildFile section */
		0100C957491306A98C65507F /* libPods-Restaurant Application.a in Frameworks */ = {isa = PBXBuildFile; fileRef = 1E3FC06FA18C9B884D5F5A39 /* libPods-Restaurant Application.a */; };
		1792A1931B733AFC009A3D1B /* Singleton.m in Sources */ = {isa = PBXBuildFile; fileRef = 1792A1921B733AFC009A3D1B /* Singleton.m */; };
		1792A1971B734756009A3D1B /* OrderManager.m in Sources */ = {isa = PBXBuildFile; fileRef = 1792A1961B734756009A3D1B /* OrderManager.m */; };
		1792A1A21B748062009A3D1B /* RegisterVC.m in Sources */ = {isa = PBXBuildFile; fileRef = 1792A1A11B748062009A3D1B /* RegisterVC.m */; };
		1792A1A61B7494CE009A3D1B /* UserManager.m in Sources */ = {isa = PBXBuildFile; fileRef = 1792A1A51B7494CE009A3D1B /* UserManager.m */; };
		17AC2E5A1B7087420014980A /* Assets.xcassets in Resources */ = {isa = PBXBuildFile; fileRef = 17AC2E591B7087420014980A /* Assets.xcassets */; };
		17BC80AF1B72030F007B1311 /* BasketCell.m in Sources */ = {isa = PBXBuildFile; fileRef = 17BC80AE1B72030F007B1311 /* BasketCell.m */; };
		17BC80B41B722C75007B1311 /* Localizable.strings in Resources */ = {isa = PBXBuildFile; fileRef = 17BC80B61B722C75007B1311 /* Localizable.strings */; };
		17D8F5CD1B70D4AA00D21141 /* Order.m in Sources */ = {isa = PBXBuildFile; fileRef = 17D8F5CC1B70D4AA00D21141 /* Order.m */; };
		17EA63F11B70EA5A004EAEC7 /* MenuCell.m in Sources */ = {isa = PBXBuildFile; fileRef = 17EA63F01B70EA5A004EAEC7 /* MenuCell.m */; };
		17EB43DE1B74E43300C33B3E /* AdminMenuTVC.m in Sources */ = {isa = PBXBuildFile; fileRef = 17EB43DD1B74E43300C33B3E /* AdminMenuTVC.m */; };
		17EB43E21B74E6F500C33B3E /* AdminMenuCell.m in Sources */ = {isa = PBXBuildFile; fileRef = 17EB43E11B74E6F500C33B3E /* AdminMenuCell.m */; };
		17FECF0A1B6F2D2D00791B5F /* main.m in Sources */ = {isa = PBXBuildFile; fileRef = 17FECF091B6F2D2D00791B5F /* main.m */; };
		17FECF0D1B6F2D2D00791B5F /* AppDelegate.m in Sources */ = {isa = PBXBuildFile; fileRef = 17FECF0C1B6F2D2D00791B5F /* AppDelegate.m */; };
		17FECF101B6F2D2D00791B5F /* ViewController.m in Sources */ = {isa = PBXBuildFile; fileRef = 17FECF0F1B6F2D2D00791B5F /* ViewController.m */; };
		17FECF131B6F2D2D00791B5F /* Main.storyboard in Resources */ = {isa = PBXBuildFile; fileRef = 17FECF111B6F2D2D00791B5F /* Main.storyboard */; };
		17FECF181B6F2D2D00791B5F /* LaunchScreen.storyboard in Resources */ = {isa = PBXBuildFile; fileRef = 17FECF161B6F2D2D00791B5F /* LaunchScreen.storyboard */; };
		17FECF231B6F2D2D00791B5F /* Restaurant_ApplicationTests.m in Sources */ = {isa = PBXBuildFile; fileRef = 17FECF221B6F2D2D00791B5F /* Restaurant_ApplicationTests.m */; };
		17FECF331B6F30EC00791B5F /* MenuTVC.m in Sources */ = {isa = PBXBuildFile; fileRef = 17FECF321B6F30EC00791B5F /* MenuTVC.m */; };
		17FECF371B6F323C00791B5F /* CategoryManager.m in Sources */ = {isa = PBXBuildFile; fileRef = 17FECF361B6F323C00791B5F /* CategoryManager.m */; };
		17FECF3D1B6F8BA600791B5F /* Food.m in Sources */ = {isa = PBXBuildFile; fileRef = 17FECF3C1B6F8BA600791B5F /* Food.m */; };
		17FECF431B6F8FAE00791B5F /* CategoryM.m in Sources */ = {isa = PBXBuildFile; fileRef = 17FECF421B6F8FAE00791B5F /* CategoryM.m */; };
/* End PBXBuildFile section */

/* Begin PBXContainerItemProxy section */
		17FECF1F1B6F2D2D00791B5F /* PBXContainerItemProxy */ = {
			isa = PBXContainerItemProxy;
			containerPortal = 17FECEFD1B6F2D2D00791B5F /* Project object */;
			proxyType = 1;
			remoteGlobalIDString = 17FECF041B6F2D2D00791B5F;
			remoteInfo = "Restaurant Application";
		};
/* End PBXContainerItemProxy section */

/* Begin PBXFileReference section */
		0EC50C2768975E43F5FDA560 /* Pods-Restaurant Application.release.xcconfig */ = {isa = PBXFileReference; includeInIndex = 1; lastKnownFileType = text.xcconfig; name = "Pods-Restaurant Application.release.xcconfig"; path = "Pods/Target Support Files/Pods-Restaurant Application/Pods-Restaurant Application.release.xcconfig"; sourceTree = "<group>"; };
		1792A1911B733AFC009A3D1B /* Singleton.h */ = {isa = PBXFileReference; fileEncoding = 4; lastKnownFileType = sourcecode.c.h; path = Singleton.h; sourceTree = "<group>"; };
		1792A1921B733AFC009A3D1B /* Singleton.m */ = {isa = PBXFileReference; fileEncoding = 4; lastKnownFileType = sourcecode.c.objc; path = Singleton.m; sourceTree = "<group>"; };
		1792A1951B734756009A3D1B /* OrderManager.h */ = {isa = PBXFileReference; fileEncoding = 4; lastKnownFileType = sourcecode.c.h; path = OrderManager.h; sourceTree = "<group>"; };
		1792A1961B734756009A3D1B /* OrderManager.m */ = {isa = PBXFileReference; fileEncoding = 4; lastKnownFileType = sourcecode.c.objc; path = OrderManager.m; sourceTree = "<group>"; };
		1792A1981B734DF4009A3D1B /* Prefix.pch */ = {isa = PBXFileReference; lastKnownFileType = sourcecode.c.h; path = Prefix.pch; sourceTree = "<group>"; };
		1792A1A01B748062009A3D1B /* RegisterVC.h */ = {isa = PBXFileReference; fileEncoding = 4; lastKnownFileType = sourcecode.c.h; path = RegisterVC.h; sourceTree = "<group>"; };
		1792A1A11B748062009A3D1B /* RegisterVC.m */ = {isa = PBXFileReference; fileEncoding = 4; lastKnownFileType = sourcecode.c.objc; path = RegisterVC.m; sourceTree = "<group>"; };
		1792A1A41B7494CE009A3D1B /* UserManager.h */ = {isa = PBXFileReference; fileEncoding = 4; lastKnownFileType = sourcecode.c.h; path = UserManager.h; sourceTree = "<group>"; };
		1792A1A51B7494CE009A3D1B /* UserManager.m */ = {isa = PBXFileReference; fileEncoding = 4; lastKnownFileType = sourcecode.c.objc; path = UserManager.m; sourceTree = "<group>"; };
		17AC2E591B7087420014980A /* Assets.xcassets */ = {isa = PBXFileReference; lastKnownFileType = folder.assetcatalog; path = Assets.xcassets; sourceTree = "<group>"; };
		17B2DCE11B74ADF400C3E8A0 /* Security.framework */ = {isa = PBXFileReference; lastKnownFileType = wrapper.framework; name = Security.framework; path = System/Library/Frameworks/Security.framework; sourceTree = SDKROOT; };
		17BC80AD1B72030F007B1311 /* BasketCell.h */ = {isa = PBXFileReference; fileEncoding = 4; lastKnownFileType = sourcecode.c.h; path = BasketCell.h; sourceTree = "<group>"; };
		17BC80AE1B72030F007B1311 /* BasketCell.m */ = {isa = PBXFileReference; fileEncoding = 4; lastKnownFileType = sourcecode.c.objc; path = BasketCell.m; sourceTree = "<group>"; };
		17BC80B21B7229C3007B1311 /* tr */ = {isa = PBXFileReference; lastKnownFileType = text.plist.strings; name = tr; path = tr.lproj/Main.strings; sourceTree = "<group>"; };
		17BC80B31B7229C3007B1311 /* tr */ = {isa = PBXFileReference; lastKnownFileType = text.plist.strings; name = tr; path = tr.lproj/LaunchScreen.strings; sourceTree = "<group>"; };
		17BC80B51B722C75007B1311 /* Base */ = {isa = PBXFileReference; lastKnownFileType = text.plist.strings; name = Base; path = Base.lproj/Localizable.strings; sourceTree = "<group>"; };
		17BC80B71B722C82007B1311 /* en */ = {isa = PBXFileReference; lastKnownFileType = text.plist.strings; name = en; path = en.lproj/Localizable.strings; sourceTree = "<group>"; };
		17BC80B81B722C84007B1311 /* tr */ = {isa = PBXFileReference; lastKnownFileType = text.plist.strings; name = tr; path = tr.lproj/Localizable.strings; sourceTree = "<group>"; };
		17D8F5CB1B70D4AA00D21141 /* Order.h */ = {isa = PBXFileReference; fileEncoding = 4; lastKnownFileType = sourcecode.c.h; path = Order.h; sourceTree = "<group>"; };
		17D8F5CC1B70D4AA00D21141 /* Order.m */ = {isa = PBXFileReference; fileEncoding = 4; lastKnownFileType = sourcecode.c.objc; path = Order.m; sourceTree = "<group>"; };
		17EA63EF1B70EA5A004EAEC7 /* MenuCell.h */ = {isa = PBXFileReference; fileEncoding = 4; lastKnownFileType = sourcecode.c.h; path = MenuCell.h; sourceTree = "<group>"; };
		17EA63F01B70EA5A004EAEC7 /* MenuCell.m */ = {isa = PBXFileReference; fileEncoding = 4; lastKnownFileType = sourcecode.c.objc; path = MenuCell.m; sourceTree = "<group>"; };
		17EB43DC1B74E43300C33B3E /* AdminMenuTVC.h */ = {isa = PBXFileReference; fileEncoding = 4; lastKnownFileType = sourcecode.c.h; path = AdminMenuTVC.h; sourceTree = "<group>"; };
		17EB43DD1B74E43300C33B3E /* AdminMenuTVC.m */ = {isa = PBXFileReference; fileEncoding = 4; lastKnownFileType = sourcecode.c.objc; path = AdminMenuTVC.m; sourceTree = "<group>"; };
		17EB43E01B74E6F500C33B3E /* AdminMenuCell.h */ = {isa = PBXFileReference; fileEncoding = 4; lastKnownFileType = sourcecode.c.h; path = AdminMenuCell.h; sourceTree = "<group>"; };
		17EB43E11B74E6F500C33B3E /* AdminMenuCell.m */ = {isa = PBXFileReference; fileEncoding = 4; lastKnownFileType = sourcecode.c.objc; path = AdminMenuCell.m; sourceTree = "<group>"; };
		17FECF051B6F2D2D00791B5F /* Restaurant Application.app */ = {isa = PBXFileReference; explicitFileType = wrapper.application; includeInIndex = 0; path = "Restaurant Application.app"; sourceTree = BUILT_PRODUCTS_DIR; };
		17FECF091B6F2D2D00791B5F /* main.m */ = {isa = PBXFileReference; lastKnownFileType = sourcecode.c.objc; path = main.m; sourceTree = "<group>"; };
		17FECF0B1B6F2D2D00791B5F /* AppDelegate.h */ = {isa = PBXFileReference; lastKnownFileType = sourcecode.c.h; path = AppDelegate.h; sourceTree = "<group>"; };
		17FECF0C1B6F2D2D00791B5F /* AppDelegate.m */ = {isa = PBXFileReference; lastKnownFileType = sourcecode.c.objc; path = AppDelegate.m; sourceTree = "<group>"; };
		17FECF0E1B6F2D2D00791B5F /* ViewController.h */ = {isa = PBXFileReference; lastKnownFileType = sourcecode.c.h; path = ViewController.h; sourceTree = "<group>"; };
		17FECF0F1B6F2D2D00791B5F /* ViewController.m */ = {isa = PBXFileReference; lastKnownFileType = sourcecode.c.objc; path = ViewController.m; sourceTree = "<group>"; };
		17FECF121B6F2D2D00791B5F /* Base */ = {isa = PBXFileReference; lastKnownFileType = file.storyboard; name = Base; path = Base.lproj/Main.storyboard; sourceTree = "<group>"; };
		17FECF171B6F2D2D00791B5F /* Base */ = {isa = PBXFileReference; lastKnownFileType = file.storyboard; name = Base; path = Base.lproj/LaunchScreen.storyboard; sourceTree = "<group>"; };
		17FECF191B6F2D2D00791B5F /* Info.plist */ = {isa = PBXFileReference; lastKnownFileType = text.plist.xml; path = Info.plist; sourceTree = "<group>"; };
		17FECF1E1B6F2D2D00791B5F /* Restaurant ApplicationTests.xctest */ = {isa = PBXFileReference; explicitFileType = wrapper.cfbundle; includeInIndex = 0; path = "Restaurant ApplicationTests.xctest"; sourceTree = BUILT_PRODUCTS_DIR; };
		17FECF221B6F2D2D00791B5F /* Restaurant_ApplicationTests.m */ = {isa = PBXFileReference; lastKnownFileType = sourcecode.c.objc; path = Restaurant_ApplicationTests.m; sourceTree = "<group>"; };
		17FECF241B6F2D2D00791B5F /* Info.plist */ = {isa = PBXFileReference; lastKnownFileType = text.plist.xml; path = Info.plist; sourceTree = "<group>"; };
		17FECF311B6F30EC00791B5F /* MenuTVC.h */ = {isa = PBXFileReference; fileEncoding = 4; lastKnownFileType = sourcecode.c.h; path = MenuTVC.h; sourceTree = "<group>"; };
		17FECF321B6F30EC00791B5F /* MenuTVC.m */ = {isa = PBXFileReference; fileEncoding = 4; lastKnownFileType = sourcecode.c.objc; path = MenuTVC.m; sourceTree = "<group>"; };
		17FECF351B6F323C00791B5F /* CategoryManager.h */ = {isa = PBXFileReference; fileEncoding = 4; lastKnownFileType = sourcecode.c.h; path = CategoryManager.h; sourceTree = "<group>"; };
		17FECF361B6F323C00791B5F /* CategoryManager.m */ = {isa = PBXFileReference; fileEncoding = 4; lastKnownFileType = sourcecode.c.objc; path = CategoryManager.m; sourceTree = "<group>"; };
		17FECF3B1B6F8BA600791B5F /* Food.h */ = {isa = PBXFileReference; fileEncoding = 4; lastKnownFileType = sourcecode.c.h; path = Food.h; sourceTree = "<group>"; };
		17FECF3C1B6F8BA600791B5F /* Food.m */ = {isa = PBXFileReference; fileEncoding = 4; lastKnownFileType = sourcecode.c.objc; path = Food.m; sourceTree = "<group>"; };
		17FECF411B6F8FAE00791B5F /* CategoryM.h */ = {isa = PBXFileReference; fileEncoding = 4; lastKnownFileType = sourcecode.c.h; path = CategoryM.h; sourceTree = "<group>"; };
		17FECF421B6F8FAE00791B5F /* CategoryM.m */ = {isa = PBXFileReference; fileEncoding = 4; lastKnownFileType = sourcecode.c.objc; path = CategoryM.m; sourceTree = "<group>"; };
		1E3FC06FA18C9B884D5F5A39 /* libPods-Restaurant Application.a */ = {isa = PBXFileReference; explicitFileType = archive.ar; includeInIndex = 0; path = "libPods-Restaurant Application.a"; sourceTree = BUILT_PRODUCTS_DIR; };
		2647EF13619840CC6E02BDB7 /* Pods-Restaurant Application.debug.xcconfig */ = {isa = PBXFileReference; includeInIndex = 1; lastKnownFileType = text.xcconfig; name = "Pods-Restaurant Application.debug.xcconfig"; path = "Pods/Target Support Files/Pods-Restaurant Application/Pods-Restaurant Application.debug.xcconfig"; sourceTree = "<group>"; };
/* End PBXFileReference section */

/* Begin PBXFrameworksBuildPhase section */
		17FECF021B6F2D2D00791B5F /* Frameworks */ = {
			isa = PBXFrameworksBuildPhase;
			buildActionMask = 2147483647;
			files = (
				0100C957491306A98C65507F /* libPods-Restaurant Application.a in Frameworks */,
			);
			runOnlyForDeploymentPostprocessing = 0;
		};
		17FECF1B1B6F2D2D00791B5F /* Frameworks */ = {
			isa = PBXFrameworksBuildPhase;
			buildActionMask = 2147483647;
			files = (
			);
			runOnlyForDeploymentPostprocessing = 0;
		};
/* End PBXFrameworksBuildPhase section */

/* Begin PBXGroup section */
		1792A1901B733AEA009A3D1B /* Singleton */ = {
			isa = PBXGroup;
			children = (
				1792A1911B733AFC009A3D1B /* Singleton.h */,
				1792A1921B733AFC009A3D1B /* Singleton.m */,
			);
			path = Singleton;
			sourceTree = "<group>";
		};
		1792A1941B734739009A3D1B /* OrderManager */ = {
			isa = PBXGroup;
			children = (
				1792A1951B734756009A3D1B /* OrderManager.h */,
				1792A1961B734756009A3D1B /* OrderManager.m */,
			);
			path = OrderManager;
			sourceTree = "<group>";
		};
		1792A19F1B74803F009A3D1B /* RegisterVC */ = {
			isa = PBXGroup;
			children = (
				1792A1A01B748062009A3D1B /* RegisterVC.h */,
				1792A1A11B748062009A3D1B /* RegisterVC.m */,
			);
			path = RegisterVC;
			sourceTree = "<group>";
		};
		1792A1A31B7494B5009A3D1B /* UserManager */ = {
			isa = PBXGroup;
			children = (
				1792A1A41B7494CE009A3D1B /* UserManager.h */,
				1792A1A51B7494CE009A3D1B /* UserManager.m */,
			);
			path = UserManager;
			sourceTree = "<group>";
		};
		17BC80AC1B7202B2007B1311 /* BasketCell */ = {
			isa = PBXGroup;
			children = (
				17BC80AD1B72030F007B1311 /* BasketCell.h */,
				17BC80AE1B72030F007B1311 /* BasketCell.m */,
			);
			path = BasketCell;
			sourceTree = "<group>";
		};
		17EA63EE1B70EA3C004EAEC7 /* MenuCell */ = {
			isa = PBXGroup;
			children = (
				17EA63EF1B70EA5A004EAEC7 /* MenuCell.h */,
				17EA63F01B70EA5A004EAEC7 /* MenuCell.m */,
			);
			path = MenuCell;
			sourceTree = "<group>";
		};
		17EB43DA1B74E3E700C33B3E /* Admin */ = {
			isa = PBXGroup;
			children = (
				17EB43DF1B74E6CC00C33B3E /* MenuCell */,
				17EB43DB1B74E40B00C33B3E /* MenuTVC */,
			);
			path = Admin;
			sourceTree = "<group>";
		};
		17EB43DB1B74E40B00C33B3E /* MenuTVC */ = {
			isa = PBXGroup;
			children = (
				17EB43DC1B74E43300C33B3E /* AdminMenuTVC.h */,
				17EB43DD1B74E43300C33B3E /* AdminMenuTVC.m */,
			);
			path = MenuTVC;
			sourceTree = "<group>";
		};
		17EB43DF1B74E6CC00C33B3E /* MenuCell */ = {
			isa = PBXGroup;
			children = (
				17EB43E01B74E6F500C33B3E /* AdminMenuCell.h */,
				17EB43E11B74E6F500C33B3E /* AdminMenuCell.m */,
			);
			path = MenuCell;
			sourceTree = "<group>";
		};
		17FECEFC1B6F2D2D00791B5F = {
			isa = PBXGroup;
			children = (
				17FECF071B6F2D2D00791B5F /* Restaurant Application */,
				17FECF211B6F2D2D00791B5F /* Restaurant ApplicationTests */,
				17FECF061B6F2D2D00791B5F /* Products */,
				E3E96BC1465E0C4D9A56BC1A /* Pods */,
				8751A3BC6D9950DA5ECF4E8E /* Frameworks */,
			);
			sourceTree = "<group>";
		};
		17FECF061B6F2D2D00791B5F /* Products */ = {
			isa = PBXGroup;
			children = (
				17FECF051B6F2D2D00791B5F /* Restaurant Application.app */,
				17FECF1E1B6F2D2D00791B5F /* Restaurant ApplicationTests.xctest */,
			);
			name = Products;
			sourceTree = "<group>";
		};
		17FECF071B6F2D2D00791B5F /* Restaurant Application */ = {
			isa = PBXGroup;
			children = (
				17FECF2F1B6F30AB00791B5F /* Models */,
				17FECF2E1B6F30A300791B5F /* Managers */,
				17FECF2D1B6F309E00791B5F /* Classes */,
				17FECF0B1B6F2D2D00791B5F /* AppDelegate.h */,
				17FECF0C1B6F2D2D00791B5F /* AppDelegate.m */,
				17AC2E591B7087420014980A /* Assets.xcassets */,
				17FECF0E1B6F2D2D00791B5F /* ViewController.h */,
				17FECF0F1B6F2D2D00791B5F /* ViewController.m */,
				17FECF111B6F2D2D00791B5F /* Main.storyboard */,
				17FECF161B6F2D2D00791B5F /* LaunchScreen.storyboard */,
				17FECF191B6F2D2D00791B5F /* Info.plist */,
				17FECF081B6F2D2D00791B5F /* Supporting Files */,
				17BC80B61B722C75007B1311 /* Localizable.strings */,
			);
			path = "Restaurant Application";
			sourceTree = "<group>";
		};
		17FECF081B6F2D2D00791B5F /* Supporting Files */ = {
			isa = PBXGroup;
			children = (
				17FECF091B6F2D2D00791B5F /* main.m */,
				1792A1981B734DF4009A3D1B /* Prefix.pch */,
			);
			name = "Supporting Files";
			sourceTree = "<group>";
		};
		17FECF211B6F2D2D00791B5F /* Restaurant ApplicationTests */ = {
			isa = PBXGroup;
			children = (
				17FECF221B6F2D2D00791B5F /* Restaurant_ApplicationTests.m */,
				17FECF241B6F2D2D00791B5F /* Info.plist */,
			);
			path = "Restaurant ApplicationTests";
			sourceTree = "<group>";
		};
		17FECF2D1B6F309E00791B5F /* Classes */ = {
			isa = PBXGroup;
			children = (
				17EB43DA1B74E3E700C33B3E /* Admin */,
				1792A19F1B74803F009A3D1B /* RegisterVC */,
				17BC80AC1B7202B2007B1311 /* BasketCell */,
				17EA63EE1B70EA3C004EAEC7 /* MenuCell */,
				17FECF301B6F30CB00791B5F /* MenuTVC */,
			);
			path = Classes;
			sourceTree = "<group>";
		};
		17FECF2E1B6F30A300791B5F /* Managers */ = {
			isa = PBXGroup;
			children = (
				1792A1A31B7494B5009A3D1B /* UserManager */,
				1792A1941B734739009A3D1B /* OrderManager */,
				1792A1901B733AEA009A3D1B /* Singleton */,
				17FECF341B6F31F600791B5F /* CategoryManager */,
			);
			path = Managers;
			sourceTree = "<group>";
		};
		17FECF2F1B6F30AB00791B5F /* Models */ = {
			isa = PBXGroup;
			children = (
				17FECF3A1B6F8B8D00791B5F /* Order */,
				17FECF391B6F8B8300791B5F /* Category */,
				17FECF381B6F8B7E00791B5F /* Food */,
			);
			path = Models;
			sourceTree = "<group>";
		};
		17FECF301B6F30CB00791B5F /* MenuTVC */ = {
			isa = PBXGroup;
			children = (
				17FECF311B6F30EC00791B5F /* MenuTVC.h */,
				17FECF321B6F30EC00791B5F /* MenuTVC.m */,
			);
			path = MenuTVC;
			sourceTree = "<group>";
		};
		17FECF341B6F31F600791B5F /* CategoryManager */ = {
			isa = PBXGroup;
			children = (
				17FECF351B6F323C00791B5F /* CategoryManager.h */,
				17FECF361B6F323C00791B5F /* CategoryManager.m */,
			);
			path = CategoryManager;
			sourceTree = "<group>";
		};
		17FECF381B6F8B7E00791B5F /* Food */ = {
			isa = PBXGroup;
			children = (
				17FECF3B1B6F8BA600791B5F /* Food.h */,
				17FECF3C1B6F8BA600791B5F /* Food.m */,
			);
			path = Food;
			sourceTree = "<group>";
		};
		17FECF391B6F8B8300791B5F /* Category */ = {
			isa = PBXGroup;
			children = (
				17FECF411B6F8FAE00791B5F /* CategoryM.h */,
				17FECF421B6F8FAE00791B5F /* CategoryM.m */,
			);
			path = Category;
			sourceTree = "<group>";
		};
		17FECF3A1B6F8B8D00791B5F /* Order */ = {
			isa = PBXGroup;
			children = (
				17D8F5CB1B70D4AA00D21141 /* Order.h */,
				17D8F5CC1B70D4AA00D21141 /* Order.m */,
			);
			path = Order;
			sourceTree = "<group>";
		};
		8751A3BC6D9950DA5ECF4E8E /* Frameworks */ = {
			isa = PBXGroup;
			children = (
				17B2DCE11B74ADF400C3E8A0 /* Security.framework */,
				1E3FC06FA18C9B884D5F5A39 /* libPods-Restaurant Application.a */,
			);
			name = Frameworks;
			sourceTree = "<group>";
		};
		E3E96BC1465E0C4D9A56BC1A /* Pods */ = {
			isa = PBXGroup;
			children = (
				2647EF13619840CC6E02BDB7 /* Pods-Restaurant Application.debug.xcconfig */,
				0EC50C2768975E43F5FDA560 /* Pods-Restaurant Application.release.xcconfig */,
			);
			name = Pods;
			sourceTree = "<group>";
		};
/* End PBXGroup section */

/* Begin PBXNativeTarget section */
		17FECF041B6F2D2D00791B5F /* Restaurant Application */ = {
			isa = PBXNativeTarget;
			buildConfigurationList = 17FECF271B6F2D2D00791B5F /* Build configuration list for PBXNativeTarget "Restaurant Application" */;
			buildPhases = (
				C0C441864AAC8CDA14EEDD58 /* Check Pods Manifest.lock */,
				17FECF011B6F2D2D00791B5F /* Sources */,
				17FECF021B6F2D2D00791B5F /* Frameworks */,
				17FECF031B6F2D2D00791B5F /* Resources */,
				34EDCBAB3AF8437E33107200 /* Copy Pods Resources */,
			);
			buildRules = (
			);
			dependencies = (
			);
			name = "Restaurant Application";
			productName = "Restaurant Application";
			productReference = 17FECF051B6F2D2D00791B5F /* Restaurant Application.app */;
			productType = "com.apple.product-type.application";
		};
		17FECF1D1B6F2D2D00791B5F /* Restaurant ApplicationTests */ = {
			isa = PBXNativeTarget;
			buildConfigurationList = 17FECF2A1B6F2D2D00791B5F /* Build configuration list for PBXNativeTarget "Restaurant ApplicationTests" */;
			buildPhases = (
				17FECF1A1B6F2D2D00791B5F /* Sources */,
				17FECF1B1B6F2D2D00791B5F /* Frameworks */,
				17FECF1C1B6F2D2D00791B5F /* Resources */,
			);
			buildRules = (
			);
			dependencies = (
				17FECF201B6F2D2D00791B5F /* PBXTargetDependency */,
			);
			name = "Restaurant ApplicationTests";
			productName = "Restaurant ApplicationTests";
			productReference = 17FECF1E1B6F2D2D00791B5F /* Restaurant ApplicationTests.xctest */;
			productType = "com.apple.product-type.bundle.unit-test";
		};
/* End PBXNativeTarget section */

/* Begin PBXProject section */
		17FECEFD1B6F2D2D00791B5F /* Project object */ = {
			isa = PBXProject;
			attributes = {
				LastUpgradeCheck = 0700;
				ORGANIZATIONNAME = "Ömer Emre Aslan";
				TargetAttributes = {
					17FECF041B6F2D2D00791B5F = {
						CreatedOnToolsVersion = 7.0;
					};
					17FECF1D1B6F2D2D00791B5F = {
						CreatedOnToolsVersion = 7.0;
						TestTargetID = 17FECF041B6F2D2D00791B5F;
					};
				};
			};
			buildConfigurationList = 17FECF001B6F2D2D00791B5F /* Build configuration list for PBXProject "Restaurant Application" */;
			compatibilityVersion = "Xcode 3.2";
			developmentRegion = English;
			hasScannedForEncodings = 0;
			knownRegions = (
				en,
				Base,
				tr,
			);
			mainGroup = 17FECEFC1B6F2D2D00791B5F;
			productRefGroup = 17FECF061B6F2D2D00791B5F /* Products */;
			projectDirPath = "";
			projectRoot = "";
			targets = (
				17FECF041B6F2D2D00791B5F /* Restaurant Application */,
				17FECF1D1B6F2D2D00791B5F /* Restaurant ApplicationTests */,
			);
		};
/* End PBXProject section */

/* Begin PBXResourcesBuildPhase section */
		17FECF031B6F2D2D00791B5F /* Resources */ = {
			isa = PBXResourcesBuildPhase;
			buildActionMask = 2147483647;
			files = (
				17FECF181B6F2D2D00791B5F /* LaunchScreen.storyboard in Resources */,
				17BC80B41B722C75007B1311 /* Localizable.strings in Resources */,
				17AC2E5A1B7087420014980A /* Assets.xcassets in Resources */,
				17FECF131B6F2D2D00791B5F /* Main.storyboard in Resources */,
			);
			runOnlyForDeploymentPostprocessing = 0;
		};
		17FECF1C1B6F2D2D00791B5F /* Resources */ = {
			isa = PBXResourcesBuildPhase;
			buildActionMask = 2147483647;
			files = (
			);
			runOnlyForDeploymentPostprocessing = 0;
		};
/* End PBXResourcesBuildPhase section */

/* Begin PBXShellScriptBuildPhase section */
		34EDCBAB3AF8437E33107200 /* Copy Pods Resources */ = {
			isa = PBXShellScriptBuildPhase;
			buildActionMask = 2147483647;
			files = (
			);
			inputPaths = (
			);
			name = "Copy Pods Resources";
			outputPaths = (
			);
			runOnlyForDeploymentPostprocessing = 0;
			shellPath = /bin/sh;
			shellScript = "\"${SRCROOT}/Pods/Target Support Files/Pods-Restaurant Application/Pods-Restaurant Application-resources.sh\"\n";
			showEnvVarsInLog = 0;
		};
		C0C441864AAC8CDA14EEDD58 /* Check Pods Manifest.lock */ = {
			isa = PBXShellScriptBuildPhase;
			buildActionMask = 2147483647;
			files = (
			);
			inputPaths = (
			);
			name = "Check Pods Manifest.lock";
			outputPaths = (
			);
			runOnlyForDeploymentPostprocessing = 0;
			shellPath = /bin/sh;
			shellScript = "diff \"${PODS_ROOT}/../Podfile.lock\" \"${PODS_ROOT}/Manifest.lock\" > /dev/null\nif [[ $? != 0 ]] ; then\n    cat << EOM\nerror: The sandbox is not in sync with the Podfile.lock. Run 'pod install' or update your CocoaPods installation.\nEOM\n    exit 1\nfi\n";
			showEnvVarsInLog = 0;
		};
/* End PBXShellScriptBuildPhase section */

/* Begin PBXSourcesBuildPhase section */
		17FECF011B6F2D2D00791B5F /* Sources */ = {
			isa = PBXSourcesBuildPhase;
			buildActionMask = 2147483647;
			files = (
				17FECF101B6F2D2D00791B5F /* ViewController.m in Sources */,
				17EB43DE1B74E43300C33B3E /* AdminMenuTVC.m in Sources */,
				17FECF431B6F8FAE00791B5F /* CategoryM.m in Sources */,
				17FECF371B6F323C00791B5F /* CategoryManager.m in Sources */,
				17FECF0D1B6F2D2D00791B5F /* AppDelegate.m in Sources */,
				1792A1971B734756009A3D1B /* OrderManager.m in Sources */,
				17FECF3D1B6F8BA600791B5F /* Food.m in Sources */,
				17EA63F11B70EA5A004EAEC7 /* MenuCell.m in Sources */,
				17EB43E21B74E6F500C33B3E /* AdminMenuCell.m in Sources */,
				1792A1A61B7494CE009A3D1B /* UserManager.m in Sources */,
				17FECF331B6F30EC00791B5F /* MenuTVC.m in Sources */,
				1792A1A21B748062009A3D1B /* RegisterVC.m in Sources */,
				17D8F5CD1B70D4AA00D21141 /* Order.m in Sources */,
				1792A1931B733AFC009A3D1B /* Singleton.m in Sources */,
				17FECF0A1B6F2D2D00791B5F /* main.m in Sources */,
				17BC80AF1B72030F007B1311 /* BasketCell.m in Sources */,
			);
			runOnlyForDeploymentPostprocessing = 0;
		};
		17FECF1A1B6F2D2D00791B5F /* Sources */ = {
			isa = PBXSourcesBuildPhase;
			buildActionMask = 2147483647;
			files = (
				17FECF231B6F2D2D00791B5F /* Restaurant_ApplicationTests.m in Sources */,
			);
			runOnlyForDeploymentPostprocessing = 0;
		};
/* End PBXSourcesBuildPhase section */

/* Begin PBXTargetDependency section */
		17FECF201B6F2D2D00791B5F /* PBXTargetDependency */ = {
			isa = PBXTargetDependency;
			target = 17FECF041B6F2D2D00791B5F /* Restaurant Application */;
			targetProxy = 17FECF1F1B6F2D2D00791B5F /* PBXContainerItemProxy */;
		};
/* End PBXTargetDependency section */

/* Begin PBXVariantGroup section */
		17BC80B61B722C75007B1311 /* Localizable.strings */ = {
			isa = PBXVariantGroup;
			children = (
				17BC80B51B722C75007B1311 /* Base */,
				17BC80B71B722C82007B1311 /* en */,
				17BC80B81B722C84007B1311 /* tr */,
			);
			name = Localizable.strings;
			sourceTree = "<group>";
		};
		17FECF111B6F2D2D00791B5F /* Main.storyboard */ = {
			isa = PBXVariantGroup;
			children = (
				17FECF121B6F2D2D00791B5F /* Base */,
				17BC80B21B7229C3007B1311 /* tr */,
			);
			name = Main.storyboard;
			sourceTree = "<group>";
		};
		17FECF161B6F2D2D00791B5F /* LaunchScreen.storyboard */ = {
			isa = PBXVariantGroup;
			children = (
				17FECF171B6F2D2D00791B5F /* Base */,
				17BC80B31B7229C3007B1311 /* tr */,
			);
			name = LaunchScreen.storyboard;
			sourceTree = "<group>";
		};
/* End PBXVariantGroup section */

/* Begin XCBuildConfiguration section */
		17FECF251B6F2D2D00791B5F /* Debug */ = {
			isa = XCBuildConfiguration;
			buildSettings = {
				ALWAYS_SEARCH_USER_PATHS = NO;
				CLANG_CXX_LANGUAGE_STANDARD = "gnu++0x";
				CLANG_CXX_LIBRARY = "libc++";
				CLANG_ENABLE_MODULES = YES;
				CLANG_ENABLE_OBJC_ARC = YES;
				CLANG_WARN_BOOL_CONVERSION = YES;
				CLANG_WARN_CONSTANT_CONVERSION = YES;
				CLANG_WARN_DIRECT_OBJC_ISA_USAGE = YES_ERROR;
				CLANG_WARN_EMPTY_BODY = YES;
				CLANG_WARN_ENUM_CONVERSION = YES;
				CLANG_WARN_INT_CONVERSION = YES;
				CLANG_WARN_OBJC_ROOT_CLASS = YES_ERROR;
				CLANG_WARN_UNREACHABLE_CODE = YES;
				CLANG_WARN__DUPLICATE_METHOD_MATCH = YES;
				"CODE_SIGN_IDENTITY[sdk=iphoneos*]" = "iPhone Developer";
				COPY_PHASE_STRIP = NO;
				DEBUG_INFORMATION_FORMAT = dwarf;
				ENABLE_STRICT_OBJC_MSGSEND = YES;
				ENABLE_TESTABILITY = YES;
				GCC_C_LANGUAGE_STANDARD = gnu99;
				GCC_DYNAMIC_NO_PIC = NO;
				GCC_NO_COMMON_BLOCKS = YES;
				GCC_OPTIMIZATION_LEVEL = 0;
				GCC_PREPROCESSOR_DEFINITIONS = (
					"DEBUG=1",
					"$(inherited)",
				);
				GCC_WARN_64_TO_32_BIT_CONVERSION = YES;
				GCC_WARN_ABOUT_RETURN_TYPE = YES_ERROR;
				GCC_WARN_UNDECLARED_SELECTOR = YES;
				GCC_WARN_UNINITIALIZED_AUTOS = YES_AGGRESSIVE;
				GCC_WARN_UNUSED_FUNCTION = YES;
				GCC_WARN_UNUSED_VARIABLE = YES;
				IPHONEOS_DEPLOYMENT_TARGET = 9.0;
				MTL_ENABLE_DEBUG_INFO = YES;
				ONLY_ACTIVE_ARCH = YES;
				SDKROOT = iphoneos;
				TARGETED_DEVICE_FAMILY = "1,2";
			};
			name = Debug;
		};
		17FECF261B6F2D2D00791B5F /* Release */ = {
			isa = XCBuildConfiguration;
			buildSettings = {
				ALWAYS_SEARCH_USER_PATHS = NO;
				CLANG_CXX_LANGUAGE_STANDARD = "gnu++0x";
				CLANG_CXX_LIBRARY = "libc++";
				CLANG_ENABLE_MODULES = YES;
				CLANG_ENABLE_OBJC_ARC = YES;
				CLANG_WARN_BOOL_CONVERSION = YES;
				CLANG_WARN_CONSTANT_CONVERSION = YES;
				CLANG_WARN_DIRECT_OBJC_ISA_USAGE = YES_ERROR;
				CLANG_WARN_EMPTY_BODY = YES;
				CLANG_WARN_ENUM_CONVERSION = YES;
				CLANG_WARN_INT_CONVERSION = YES;
				CLANG_WARN_OBJC_ROOT_CLASS = YES_ERROR;
				CLANG_WARN_UNREACHABLE_CODE = YES;
				CLANG_WARN__DUPLICATE_METHOD_MATCH = YES;
				"CODE_SIGN_IDENTITY[sdk=iphoneos*]" = "iPhone Developer";
				COPY_PHASE_STRIP = NO;
				DEBUG_INFORMATION_FORMAT = "dwarf-with-dsym";
				ENABLE_NS_ASSERTIONS = NO;
				ENABLE_STRICT_OBJC_MSGSEND = YES;
				GCC_C_LANGUAGE_STANDARD = gnu99;
				GCC_NO_COMMON_BLOCKS = YES;
				GCC_WARN_64_TO_32_BIT_CONVERSION = YES;
				GCC_WARN_ABOUT_RETURN_TYPE = YES_ERROR;
				GCC_WARN_UNDECLARED_SELECTOR = YES;
				GCC_WARN_UNINITIALIZED_AUTOS = YES_AGGRESSIVE;
				GCC_WARN_UNUSED_FUNCTION = YES;
				GCC_WARN_UNUSED_VARIABLE = YES;
				IPHONEOS_DEPLOYMENT_TARGET = 9.0;
				MTL_ENABLE_DEBUG_INFO = NO;
				SDKROOT = iphoneos;
				TARGETED_DEVICE_FAMILY = "1,2";
				VALIDATE_PRODUCT = YES;
			};
			name = Release;
		};
		17FECF281B6F2D2D00791B5F /* Debug */ = {
			isa = XCBuildConfiguration;
			baseConfigurationReference = 2647EF13619840CC6E02BDB7 /* Pods-Restaurant Application.debug.xcconfig */;
			buildSettings = {
				ASSETCATALOG_COMPILER_APPICON_NAME = AppIcon;
				GCC_PREFIX_HEADER = "Restaurant Application/Prefix.pch";
				INFOPLIST_FILE = "Restaurant Application/Info.plist";
				LD_RUNPATH_SEARCH_PATHS = "$(inherited) @executable_path/Frameworks";
				PRODUCT_BUNDLE_IDENTIFIER = "com.omer.Restaurant-Application";
				PRODUCT_NAME = "$(TARGET_NAME)";
			};
			name = Debug;
		};
		17FECF291B6F2D2D00791B5F /* Release */ = {
			isa = XCBuildConfiguration;
			baseConfigurationReference = 0EC50C2768975E43F5FDA560 /* Pods-Restaurant Application.release.xcconfig */;
			buildSettings = {
				ASSETCATALOG_COMPILER_APPICON_NAME = AppIcon;
				GCC_PREFIX_HEADER = "Restaurant Application/Prefix.pch";
				INFOPLIST_FILE = "Restaurant Application/Info.plist";
				LD_RUNPATH_SEARCH_PATHS = "$(inherited) @executable_path/Frameworks";
				PRODUCT_BUNDLE_IDENTIFIER = "com.omer.Restaurant-Application";
				PRODUCT_NAME = "$(TARGET_NAME)";
			};
			name = Release;
		};
		17FECF2B1B6F2D2D00791B5F /* Debug */ = {
			isa = XCBuildConfiguration;
			buildSettings = {
				BUNDLE_LOADER = "$(TEST_HOST)";
				INFOPLIST_FILE = "Restaurant ApplicationTests/Info.plist";
				LD_RUNPATH_SEARCH_PATHS = "$(inherited) @executable_path/Frameworks @loader_path/Frameworks";
				PRODUCT_BUNDLE_IDENTIFIER = "com.omer.Restaurant-ApplicationTests";
				PRODUCT_NAME = "$(TARGET_NAME)";
				TEST_HOST = "$(BUILT_PRODUCTS_DIR)/Restaurant Application.app/Restaurant Application";
			};
			name = Debug;
		};
		17FECF2C1B6F2D2D00791B5F /* Release */ = {
			isa = XCBuildConfiguration;
			buildSettings = {
				BUNDLE_LOADER = "$(TEST_HOST)";
				INFOPLIST_FILE = "Restaurant ApplicationTests/Info.plist";
				LD_RUNPATH_SEARCH_PATHS = "$(inherited) @executable_path/Frameworks @loader_path/Frameworks";
				PRODUCT_BUNDLE_IDENTIFIER = "com.omer.Restaurant-ApplicationTests";
				PRODUCT_NAME = "$(TARGET_NAME)";
				TEST_HOST = "$(BUILT_PRODUCTS_DIR)/Restaurant Application.app/Restaurant Application";
			};
			name = Release;
		};
/* End XCBuildConfiguration section */

/* Begin XCConfigurationList section */
		17FECF001B6F2D2D00791B5F /* Build configuration list for PBXProject "Restaurant Application" */ = {
			isa = XCConfigurationList;
			buildConfigurations = (
				17FECF251B6F2D2D00791B5F /* Debug */,
				17FECF261B6F2D2D00791B5F /* Release */,
			);
			defaultConfigurationIsVisible = 0;
			defaultConfigurationName = Release;
		};
		17FECF271B6F2D2D00791B5F /* Build configuration list for PBXNativeTarget "Restaurant Application" */ = {
			isa = XCConfigurationList;
			buildConfigurations = (
				17FECF281B6F2D2D00791B5F /* Debug */,
				17FECF291B6F2D2D00791B5F /* Release */,
			);
			defaultConfigurationIsVisible = 0;
			defaultConfigurationName = Release;
		};
		17FECF2A1B6F2D2D00791B5F /* Build configuration list for PBXNativeTarget "Restaurant ApplicationTests" */ = {
			isa = XCConfigurationList;
			buildConfigurations = (
				17FECF2B1B6F2D2D00791B5F /* Debug */,
				17FECF2C1B6F2D2D00791B5F /* Release */,
			);
			defaultConfigurationIsVisible = 0;
			defaultConfigurationName = Release;
		};
/* End XCConfigurationList section */
	};
	rootObject = 17FECEFD1B6F2D2D00791B5F /* Project object */;
}
